# THIS IS AN AUTOGENERATED FILE. DO NOT EDIT THIS FILE DIRECTLY.
# yarn lockfile v1


"@fortawesome/fontawesome-free@^5.13.0":
  version "5.13.0"
  resolved "https://registry.yarnpkg.com/@fortawesome/fontawesome-free/-/fontawesome-free-5.13.0.tgz#fcb113d1aca4b471b709e8c9c168674fbd6e06d9"
  integrity sha512-xKOeQEl5O47GPZYIMToj6uuA2syyFlq9EMSl2ui0uytjY9xbe8XS0pexNWmxrdcCyNGyDmLyYw5FtKsalBUeOg==

bootstrap-multiselect@^0.9.15:
  version "0.9.15"
  resolved "https://registry.yarnpkg.com/bootstrap-multiselect/-/bootstrap-multiselect-0.9.15.tgz#671db3bbe8d65d4caadc77ad12e10d65bf9eff71"
  integrity sha512-UwF32a0QR82xkEEGpuNrn57Bu0b/7DfCuoiOaziSHfQKFj5arR6c7+MYLs5RiIf3zl4XZ+YnY7ZBi6/EN3vEZA==
  dependencies:
    jquery "~2.1.3"

bootstrap@>=4.1.2:
  version "4.3.1"
  resolved "https://registry.yarnpkg.com/bootstrap/-/bootstrap-4.3.1.tgz#280ca8f610504d99d7b6b4bfc4b68cec601704ac"
  integrity sha512-rXqOmH1VilAt2DyPzluTi2blhk17bO7ef+zLLPlWvG494pDxcM234pJ8wTc/6R40UWizAIIMgxjvxZg5kmsbag==

bootstrap@^4.5.0:
  version "4.5.0"
  resolved "https://registry.yarnpkg.com/bootstrap/-/bootstrap-4.5.0.tgz#97d9dbcb5a8972f8722c9962483543b907d9b9ec"
  integrity sha512-Z93QoXvodoVslA+PWNdk23Hze4RBYIkpb5h8I2HY2Tu2h7A0LpAgLcyrhrSUyo2/Oxm2l1fRZPs1e5hnxnliXA==

commonmark@^0.29.1:
  version "0.29.1"
  resolved "https://registry.yarnpkg.com/commonmark/-/commonmark-0.29.1.tgz#fdbf5970ca23600f4a27487e30eed43b66b83ef5"
  integrity sha512-DafPdNYFXoEhsSiR4O+dJ45UJBfDL4cBTks4B+agKiaWt7qjG0bIhg5xuCE0RqU71ikJcBIf4/sRHh9vYQVF8Q==
  dependencies:
    entities "~1.1.1"
    mdurl "~1.0.1"
    minimist "~1.2.0"
    string.prototype.repeat "^0.2.0"

entities@~1.1.1:
  version "1.1.2"
  resolved "https://registry.yarnpkg.com/entities/-/entities-1.1.2.tgz#bdfa735299664dfafd34529ed4f8522a275fea56"
  integrity sha512-f2LZMYl1Fzu7YSBKg+RoROelpOaNrcGmE9AZubeDfrCEia483oW4MI4VyFd5VNHIgQ/7qm1I0wUHK1eJnn2y2w==

fontawesome-iconpicker@^3.2.0:
  version "3.2.0"
  resolved "https://registry.yarnpkg.com/fontawesome-iconpicker/-/fontawesome-iconpicker-3.2.0.tgz#48b535ec1cc077f00b8d63b659eb03da7d72d972"
  integrity sha512-faI7fhGmO61u1WnYpFoHZ1OiL1xQo8KfX3ranq50KkDz5Jh/klaVjf8vhedQIJquVV28GJ61e/MChRTpQ6POTw==

jquery-validation-unobtrusive@^3.2.11:
  version "3.2.11"
  resolved "https://registry.yarnpkg.com/jquery-validation-unobtrusive/-/jquery-validation-unobtrusive-3.2.11.tgz#175ee46380385a0e33ed320f255fad321f68f9f5"
  integrity sha512-3FQPllaWdD+Aq55zJLGSW39+eXPDz1HhwAvrSwYi8zHQ8DVcu5IJ1HVeTiCl0BnCnrIBvfFU3zEB/DrGdcoRIQ==
  dependencies:
    jquery ">=1.8"
    jquery-validation ">=1.16"

jquery-validation@>=1.16:
  version "1.19.1"
  resolved "https://registry.yarnpkg.com/jquery-validation/-/jquery-validation-1.19.1.tgz#a85043467dc2b70d9fff05778646d150e747742f"
  integrity sha512-QNnrZBqSltWUEJx+shOY5WtfrIb0gWmDjFfQP8rZKqMMSfpRSwEkSqhfHPvDfkObD8Hnv5KHSYI8yg73sVFdqA==

jquery-validation@^1.19.2:
  version "1.19.2"
  resolved "https://registry.yarnpkg.com/jquery-validation/-/jquery-validation-1.19.2.tgz#c602831b0d8c5881400af424e872757ce241eff9"
  integrity sha512-yHaAqOGaAB7+p2u5lpzhhQVt3CBMUw3fHcuCJ7nXmXz0LWLHPN7yOhwnocp5nrn2SmnXR1jpV+whx2j1kLz1tQ==

jquery@>=1.8, jquery@^3.0:
  version "3.4.1"
  resolved "https://registry.yarnpkg.com/jquery/-/jquery-3.4.1.tgz#714f1f8d9dde4bdfa55764ba37ef214630d80ef2"
  integrity sha512-36+AdBzCL+y6qjw5Tx7HgzeGCzC81MDDgaUP8ld2zhx58HdqXGoBd+tHdrBMiyjGQs0Hxs/MLZTu/eHNJJuWPw==

jquery@^3.5.1:
  version "3.5.1"
  resolved "https://registry.yarnpkg.com/jquery/-/jquery-3.5.1.tgz#d7b4d08e1bfdb86ad2f1a3d039ea17304717abb5"
  integrity sha512-XwIBPqcMn57FxfT+Go5pzySnm4KWkT1Tv7gjrpT1srtf8Weynl6R273VJ5GjkRb51IzMp5nbaPjJXMWeju2MKg==

jquery@~2.1.3:
  version "2.1.4"
  resolved "https://registry.yarnpkg.com/jquery/-/jquery-2.1.4.tgz#228bde698a0c61431dc2630a6a154f15890d2317"
  integrity sha1-IoveaYoMYUMdwmMKahVPFYkNIxc=

mdurl@~1.0.1:
  version "1.0.1"
  resolved "https://registry.yarnpkg.com/mdurl/-/mdurl-1.0.1.tgz#fe85b2ec75a59037f2adfec100fd6c601761152e"
  integrity sha1-/oWy7HWlkDfyrf7BAP1sYBdhFS4=

minimist@~1.2.0:
  version "1.2.5"
  resolved "https://registry.yarnpkg.com/minimist/-/minimist-1.2.5.tgz#67d66014b66a6a8aaa0c083c5fd58df4e4e97602"
  integrity sha512-FM9nNUYrRBAELZQT3xeZQ7fmMOBg6nWNmJKTcgsJeaLstP/UODVpGsr5OhXhhXg6f+qtJ8uiZ+PUxkDWcgIXLw==

moment-timezone@^0.4.0:
  version "0.4.1"
  resolved "https://registry.yarnpkg.com/moment-timezone/-/moment-timezone-0.4.1.tgz#81f598c3ad5e22cdad796b67ecd8d88d0f5baa06"
  integrity sha1-gfWYw61eIs2teWtn7NjYjQ9bqgY=
  dependencies:
    moment ">= 2.6.0"

moment-timezone@^0.5.11:
  version "0.5.26"
  resolved "https://registry.yarnpkg.com/moment-timezone/-/moment-timezone-0.5.26.tgz#c0267ca09ae84631aa3dc33f65bedbe6e8e0d772"
  integrity sha512-sFP4cgEKTCymBBKgoxZjYzlSovC20Y6J7y3nanDc5RoBIXKlZhoYwBoZGe3flwU6A372AcRwScH8KiwV6zjy1g==
  dependencies:
    moment ">= 2.9.0"

moment-timezone@^0.5.31:
  version "0.5.31"
  resolved "https://registry.yarnpkg.com/moment-timezone/-/moment-timezone-0.5.31.tgz#9c40d8c5026f0c7ab46eda3d63e49c155148de05"
  integrity sha512-+GgHNg8xRhMXfEbv81iDtrVeTcWt0kWmTEY1XQK14dICTXnWJnT0dxdlPspwqF3keKMVPXwayEsk1DI0AA/jdA==
  dependencies:
    moment ">= 2.9.0"

"moment@>= 2.6.0", "moment@>= 2.9.0", moment@^2.22.2:
  version "2.24.0"
  resolved "https://registry.yarnpkg.com/moment/-/moment-2.24.0.tgz#0d055d53f5052aa653c9f6eb68bb5d12bf5c2b5b"
  integrity sha512-bV7f+6l2QigeBBZSM/6yTNq4P2fNpSWj/0e7jQcy87A8e7o2nAfP/34/2ky5Vw4B9S446EtIhodAzkFCcR4dQg==

moment@^2.26.0:
  version "2.26.0"
  resolved "https://registry.yarnpkg.com/moment/-/moment-2.26.0.tgz#5e1f82c6bafca6e83e808b30c8705eed0dcbd39a"
  integrity sha512-oIixUO+OamkUkwjhAVE18rAMfRJNsNe/Stid/gwHSOfHrOtw9EhAY2AHvdKZ/k/MggcYELFCJz/Sn2pL8b8JMw==

popper.js@^1.14.3:
  version "1.15.0"
  resolved "https://registry.yarnpkg.com/popper.js/-/popper.js-1.15.0.tgz#5560b99bbad7647e9faa475c6b8056621f5a4ff2"
  integrity sha512-w010cY1oCUmI+9KwwlWki+r5jxKfTFDVoadl7MSrIujHU5MJ5OR6HTDj6Xo8aoR/QsA56x8jKjA59qGH4ELtrA==

popper.js@^1.16.1:
  version "1.16.1"
  resolved "https://registry.yarnpkg.com/popper.js/-/popper.js-1.16.1.tgz#2a223cb3dc7b6213d740e40372be40de43e65b1b"
  integrity sha512-Wb4p1J4zyFTbM+u6WuO4XstYx4Ky9Cewe4DWrel7B0w6VVICvPwdOpotjzcf6eD8TsckVnIMNONQyPIUFOUbCQ==

slick-carousel@^1.8.1:
  version "1.8.1"
  resolved "https://registry.yarnpkg.com/slick-carousel/-/slick-carousel-1.8.1.tgz#a4bfb29014887bb66ce528b90bd0cda262cc8f8d"
  integrity sha512-XB9Ftrf2EEKfzoQXt3Nitrt/IPbT+f1fgqBdoxO3W/+JYvtEOW6EgxnWfr9GH6nmULv7Y2tPmEX3koxThVmebA==

string.prototype.repeat@^0.2.0:
  version "0.2.0"
  resolved "https://registry.yarnpkg.com/string.prototype.repeat/-/string.prototype.repeat-0.2.0.tgz#aba36de08dcee6a5a337d49b2ea1da1b28fc0ecf"
  integrity sha1-q6Nt4I3O5qWjN9SbLqHaGyj8Ds8=

tempusdominus-bootstrap-4@^5.1.2:
  version "5.1.2"
  resolved "https://registry.yarnpkg.com/tempusdominus-bootstrap-4/-/tempusdominus-bootstrap-4-5.1.2.tgz#3c9906ca6e5d563faa0b81b2fdc6aa79cad9c0be"
  integrity sha512-ksD8qc4wOJeE19wvryXmEpRzMUSZu4wSOdG6zKSn8l4ccad16249KOX1j0CccyZpuuES/n4FLqLAUB+Dd1LTBA==
  dependencies:
    bootstrap ">=4.1.2"
    jquery "^3.0"
    moment "^2.22.2"
    moment-timezone "^0.5.11"
    popper.js "^1.14.3"

tempusdominus-core@^5.0.3:
  version "5.0.3"
  resolved "https://registry.yarnpkg.com/tempusdominus-core/-/tempusdominus-core-5.0.3.tgz#808642e47a83f45d7ef18c1597fd7b1d413d69e5"
  integrity sha512-52lClmU33gb6J6I/S9uGDrgQwccq3Yw9SlZerTgGLOzOB3Sc9pgIVBirfPMsMcx8nPsg6mA5ItFAH/5BZiQThg==
  dependencies:
    jquery "^3.0"
    moment "^2.22.2"
    moment-timezone "^0.4.0"
