
Microsoft Visual Studio Solution File, Format Version 12.00
# Visual Studio Version 17
VisualStudioVersion = 17.1.32407.343
MinimumVisualStudioVersion = 10.0.40219.1
Project("{2150E333-8FDC-42A3-9474-1A3956D46DE8}") = "Solution Items", "Solution Items", "{53256F5C-24FD-48B1-9419-14FBC4C45348}"
	ProjectSection(SolutionItems) = preProject
		.dockerignore = .dockerignore
		.editorconfig = .editorconfig
		.gitattributes = .gitattributes
		.gitignore = .gitignore
		build.bash = build.bash
		CHANGELOG.md = CHANGELOG.md
		contributing.json = contributing.json
		Dockerfile_ops = Dockerfile_ops
		Dockerfile_promenade = Dockerfile_promenade
		LICENSE = LICENSE
		OcudaRuleSet.ruleset = OcudaRuleSet.ruleset
		README.md = README.md
	EndProjectSection
EndProject
Project("{9A19103F-16F7-4668-BE54-9A1E7A4F7556}") = "Ops.Controllers", "src\Ops.Controllers\Ops.Controllers.csproj", "{EC20D522-9E81-480D-819A-E2D78041B8EA}"
EndProject
Project("{2150E333-8FDC-42A3-9474-1A3956D46DE8}") = "Ops", "Ops", "{F9D2666E-86C4-4620-B1F8-9AC018E4C8F4}"
EndProject
Project("{9A19103F-16F7-4668-BE54-9A1E7A4F7556}") = "Ops.Web", "src\Ops.Web\Ops.Web.csproj", "{BD20A902-2EEC-408A-8BEC-53AB4EC49803}"
EndProject
Project("{2150E333-8FDC-42A3-9474-1A3956D46DE8}") = "Promenade", "Promenade", "{A9F97C9B-230F-4F75-9D44-DBEA3DD59032}"
EndProject
Project("{9A19103F-16F7-4668-BE54-9A1E7A4F7556}") = "Promenade.Controllers", "src\Promenade.Controllers\Promenade.Controllers.csproj", "{3BA1D66F-E7EE-482C-B8BD-CD798D8C8E3A}"
EndProject
Project("{9A19103F-16F7-4668-BE54-9A1E7A4F7556}") = "Promenade.Web", "src\Promenade.Web\Promenade.Web.csproj", "{6DF342E6-2391-483E-9825-5B8E22CEEB7A}"
EndProject
Project("{9A19103F-16F7-4668-BE54-9A1E7A4F7556}") = "Ops.Models", "src\Ops.Models\Ops.Models.csproj", "{8632FE5E-B628-439B-82B7-3DCD72D2100A}"
EndProject
Project("{9A19103F-16F7-4668-BE54-9A1E7A4F7556}") = "Ops.Data", "src\Ops.Data\Ops.Data.csproj", "{788B4BD8-FF2E-41EA-B009-5D57D2E11CC9}"
EndProject
Project("{9A19103F-16F7-4668-BE54-9A1E7A4F7556}") = "Ops.Service", "src\Ops.Service\Ops.Service.csproj", "{CB2D4012-5631-4C5D-9958-F1996D31ED09}"
EndProject
Project("{9A19103F-16F7-4668-BE54-9A1E7A4F7556}") = "Promenade.Models", "src\Promenade.Models\Promenade.Models.csproj", "{A3E1AFA9-5DCB-4929-B5C6-3D40CFAF56A6}"
EndProject
Project("{9A19103F-16F7-4668-BE54-9A1E7A4F7556}") = "Promenade.Data", "src\Promenade.Data\Promenade.Data.csproj", "{870BA33B-0C69-488E-A8C0-64E26E8C68EA}"
EndProject
Project("{9A19103F-16F7-4668-BE54-9A1E7A4F7556}") = "Promenade.Service", "src\Promenade.Service\Promenade.Service.csproj", "{BBD6D023-F844-473A-93B8-8F93E7AD375C}"
EndProject
Project("{2150E333-8FDC-42A3-9474-1A3956D46DE8}") = "Ocuda", "Ocuda", "{FC70E8FE-76E9-4D23-8D85-F219DD8BAC37}"
EndProject
Project("{9A19103F-16F7-4668-BE54-9A1E7A4F7556}") = "Utility", "src\Utility\Utility.csproj", "{23FF5EAE-E9D1-4CAA-B341-B460F9F7D24D}"
EndProject
Project("{2150E333-8FDC-42A3-9474-1A3956D46DE8}") = "Ops.DataProviders", "Ops.DataProviders", "{F570326D-0833-47E2-B7AB-0813AD74BF8A}"
EndProject
Project("{2150E333-8FDC-42A3-9474-1A3956D46DE8}") = "Promenade.DataProviders", "Promenade.DataProviders", "{5F277AB0-B30C-457D-9B64-D9FEC49EFDFA}"
EndProject
Project("{9A19103F-16F7-4668-BE54-9A1E7A4F7556}") = "Ops.DataProvider.SqlServer.Promenade", "src\Ops.DataProvider.SqlServer.Promenade\Ops.DataProvider.SqlServer.Promenade.csproj", "{600A2158-25FC-4432-A6EB-0D2A516946C2}"
EndProject
Project("{9A19103F-16F7-4668-BE54-9A1E7A4F7556}") = "Ops.DataProvider.SqlServer.Ops", "src\Ops.DataProvider.SqlServer.Ops\Ops.DataProvider.SqlServer.Ops.csproj", "{EEDCC916-B960-44E9-972B-EC617E21ACC6}"
EndProject
Project("{9A19103F-16F7-4668-BE54-9A1E7A4F7556}") = "Promenade.DataProvider.SqlServer.Promenade", "src\Promenade.DataProvider.SqlServer.Promenade\Promenade.DataProvider.SqlServer.Promenade.csproj", "{E77C689D-D3B1-495C-9F58-17B9B464D2F4}"
EndProject
Project("{2150E333-8FDC-42A3-9474-1A3956D46DE8}") = "dev", "dev", "{CA08B556-6562-42AB-9568-B27BE3A43D7C}"
	ProjectSection(SolutionItems) = preProject
		dev\accessibility.md = dev\accessibility.md
		dev\docker-yarn-update.sh = dev\docker-yarn-update.sh
		dev\markdown-editor.md = dev\markdown-editor.md
		dev\migration.ps1 = dev\migration.ps1
		dev\README.md = dev\README.md
	EndProjectSection
EndProject
Project("{9A19103F-16F7-4668-BE54-9A1E7A4F7556}") = "Ops.Web.WindowsAuth", "src\Ops.Web.WindowsAuth\Ops.Web.WindowsAuth.csproj", "{67BDF627-A148-4058-936C-859BFED5EF76}"
EndProject
Project("{2150E333-8FDC-42A3-9474-1A3956D46DE8}") = "test", "test", "{EF2E402F-3D9C-4EAD-93A2-68D759A003A7}"
EndProject
Project("{2150E333-8FDC-42A3-9474-1A3956D46DE8}") = "Ops", "Ops", "{3138C719-1208-42FE-8D35-B79DA1529219}"
EndProject
Project("{9A19103F-16F7-4668-BE54-9A1E7A4F7556}") = "Ops.Data.Test", "test\Ops\Ops.Data.Test\Ops.Data.Test.csproj", "{2D056120-3B32-4188-99FA-6603FD7A7C8A}"
EndProject
Project("{9A19103F-16F7-4668-BE54-9A1E7A4F7556}") = "i18n", "src\i18n\i18n.csproj", "{E00F5EBE-AB6C-4BE4-A977-A4988CA04A57}"
EndProject
Project("{2150E333-8FDC-42A3-9474-1A3956D46DE8}") = "i18n", "i18n", "{1C0384E0-C8AD-46D9-9319-C75D67E6474E}"
EndProject
Project("{9A19103F-16F7-4668-BE54-9A1E7A4F7556}") = "i18n.Test", "test\i18n\i18n.Test\i18n.Test.csproj", "{28C9B95E-DD9B-458B-86EC-37B265D66181}"
EndProject
Project("{9A19103F-16F7-4668-BE54-9A1E7A4F7556}") = "SlideUploader", "src\SlideUploader\SlideUploader.csproj", "{0DF031C8-95B2-48D1-ACD9-01E56B10F3D6}"
EndProject
Global
	GlobalSection(SolutionConfigurationPlatforms) = preSolution
		Debug|Any CPU = Debug|Any CPU
		Release|Any CPU = Release|Any CPU
	EndGlobalSection
	GlobalSection(ProjectConfigurationPlatforms) = postSolution
		{EC20D522-9E81-480D-819A-E2D78041B8EA}.Debug|Any CPU.ActiveCfg = Debug|Any CPU
		{EC20D522-9E81-480D-819A-E2D78041B8EA}.Debug|Any CPU.Build.0 = Debug|Any CPU
		{EC20D522-9E81-480D-819A-E2D78041B8EA}.Release|Any CPU.ActiveCfg = Release|Any CPU
		{EC20D522-9E81-480D-819A-E2D78041B8EA}.Release|Any CPU.Build.0 = Release|Any CPU
		{BD20A902-2EEC-408A-8BEC-53AB4EC49803}.Debug|Any CPU.ActiveCfg = Debug|Any CPU
		{BD20A902-2EEC-408A-8BEC-53AB4EC49803}.Debug|Any CPU.Build.0 = Debug|Any CPU
		{BD20A902-2EEC-408A-8BEC-53AB4EC49803}.Release|Any CPU.ActiveCfg = Release|Any CPU
		{BD20A902-2EEC-408A-8BEC-53AB4EC49803}.Release|Any CPU.Build.0 = Release|Any CPU
		{3BA1D66F-E7EE-482C-B8BD-CD798D8C8E3A}.Debug|Any CPU.ActiveCfg = Debug|Any CPU
		{3BA1D66F-E7EE-482C-B8BD-CD798D8C8E3A}.Debug|Any CPU.Build.0 = Debug|Any CPU
		{3BA1D66F-E7EE-482C-B8BD-CD798D8C8E3A}.Release|Any CPU.ActiveCfg = Release|Any CPU
		{3BA1D66F-E7EE-482C-B8BD-CD798D8C8E3A}.Release|Any CPU.Build.0 = Release|Any CPU
		{6DF342E6-2391-483E-9825-5B8E22CEEB7A}.Debug|Any CPU.ActiveCfg = Debug|Any CPU
		{6DF342E6-2391-483E-9825-5B8E22CEEB7A}.Debug|Any CPU.Build.0 = Debug|Any CPU
		{6DF342E6-2391-483E-9825-5B8E22CEEB7A}.Release|Any CPU.ActiveCfg = Release|Any CPU
		{6DF342E6-2391-483E-9825-5B8E22CEEB7A}.Release|Any CPU.Build.0 = Release|Any CPU
		{8632FE5E-B628-439B-82B7-3DCD72D2100A}.Debug|Any CPU.ActiveCfg = Debug|Any CPU
		{8632FE5E-B628-439B-82B7-3DCD72D2100A}.Debug|Any CPU.Build.0 = Debug|Any CPU
		{8632FE5E-B628-439B-82B7-3DCD72D2100A}.Release|Any CPU.ActiveCfg = Release|Any CPU
		{8632FE5E-B628-439B-82B7-3DCD72D2100A}.Release|Any CPU.Build.0 = Release|Any CPU
		{788B4BD8-FF2E-41EA-B009-5D57D2E11CC9}.Debug|Any CPU.ActiveCfg = Debug|Any CPU
		{788B4BD8-FF2E-41EA-B009-5D57D2E11CC9}.Debug|Any CPU.Build.0 = Debug|Any CPU
		{788B4BD8-FF2E-41EA-B009-5D57D2E11CC9}.Release|Any CPU.ActiveCfg = Release|Any CPU
		{788B4BD8-FF2E-41EA-B009-5D57D2E11CC9}.Release|Any CPU.Build.0 = Release|Any CPU
		{CB2D4012-5631-4C5D-9958-F1996D31ED09}.Debug|Any CPU.ActiveCfg = Debug|Any CPU
		{CB2D4012-5631-4C5D-9958-F1996D31ED09}.Debug|Any CPU.Build.0 = Debug|Any CPU
		{CB2D4012-5631-4C5D-9958-F1996D31ED09}.Release|Any CPU.ActiveCfg = Release|Any CPU
		{CB2D4012-5631-4C5D-9958-F1996D31ED09}.Release|Any CPU.Build.0 = Release|Any CPU
		{A3E1AFA9-5DCB-4929-B5C6-3D40CFAF56A6}.Debug|Any CPU.ActiveCfg = Debug|Any CPU
		{A3E1AFA9-5DCB-4929-B5C6-3D40CFAF56A6}.Debug|Any CPU.Build.0 = Debug|Any CPU
		{A3E1AFA9-5DCB-4929-B5C6-3D40CFAF56A6}.Release|Any CPU.ActiveCfg = Release|Any CPU
		{A3E1AFA9-5DCB-4929-B5C6-3D40CFAF56A6}.Release|Any CPU.Build.0 = Release|Any CPU
		{870BA33B-0C69-488E-A8C0-64E26E8C68EA}.Debug|Any CPU.ActiveCfg = Debug|Any CPU
		{870BA33B-0C69-488E-A8C0-64E26E8C68EA}.Debug|Any CPU.Build.0 = Debug|Any CPU
		{870BA33B-0C69-488E-A8C0-64E26E8C68EA}.Release|Any CPU.ActiveCfg = Release|Any CPU
		{870BA33B-0C69-488E-A8C0-64E26E8C68EA}.Release|Any CPU.Build.0 = Release|Any CPU
		{BBD6D023-F844-473A-93B8-8F93E7AD375C}.Debug|Any CPU.ActiveCfg = Debug|Any CPU
		{BBD6D023-F844-473A-93B8-8F93E7AD375C}.Debug|Any CPU.Build.0 = Debug|Any CPU
		{BBD6D023-F844-473A-93B8-8F93E7AD375C}.Release|Any CPU.ActiveCfg = Release|Any CPU
		{BBD6D023-F844-473A-93B8-8F93E7AD375C}.Release|Any CPU.Build.0 = Release|Any CPU
		{23FF5EAE-E9D1-4CAA-B341-B460F9F7D24D}.Debug|Any CPU.ActiveCfg = Debug|Any CPU
		{23FF5EAE-E9D1-4CAA-B341-B460F9F7D24D}.Debug|Any CPU.Build.0 = Debug|Any CPU
		{23FF5EAE-E9D1-4CAA-B341-B460F9F7D24D}.Release|Any CPU.ActiveCfg = Release|Any CPU
		{23FF5EAE-E9D1-4CAA-B341-B460F9F7D24D}.Release|Any CPU.Build.0 = Release|Any CPU
		{600A2158-25FC-4432-A6EB-0D2A516946C2}.Debug|Any CPU.ActiveCfg = Debug|Any CPU
		{600A2158-25FC-4432-A6EB-0D2A516946C2}.Debug|Any CPU.Build.0 = Debug|Any CPU
		{600A2158-25FC-4432-A6EB-0D2A516946C2}.Release|Any CPU.ActiveCfg = Release|Any CPU
		{600A2158-25FC-4432-A6EB-0D2A516946C2}.Release|Any CPU.Build.0 = Release|Any CPU
		{EEDCC916-B960-44E9-972B-EC617E21ACC6}.Debug|Any CPU.ActiveCfg = Debug|Any CPU
		{EEDCC916-B960-44E9-972B-EC617E21ACC6}.Debug|Any CPU.Build.0 = Debug|Any CPU
		{EEDCC916-B960-44E9-972B-EC617E21ACC6}.Release|Any CPU.ActiveCfg = Release|Any CPU
		{EEDCC916-B960-44E9-972B-EC617E21ACC6}.Release|Any CPU.Build.0 = Release|Any CPU
		{E77C689D-D3B1-495C-9F58-17B9B464D2F4}.Debug|Any CPU.ActiveCfg = Debug|Any CPU
		{E77C689D-D3B1-495C-9F58-17B9B464D2F4}.Debug|Any CPU.Build.0 = Debug|Any CPU
		{E77C689D-D3B1-495C-9F58-17B9B464D2F4}.Release|Any CPU.ActiveCfg = Release|Any CPU
		{E77C689D-D3B1-495C-9F58-17B9B464D2F4}.Release|Any CPU.Build.0 = Release|Any CPU
		{67BDF627-A148-4058-936C-859BFED5EF76}.Debug|Any CPU.ActiveCfg = Debug|Any CPU
		{67BDF627-A148-4058-936C-859BFED5EF76}.Debug|Any CPU.Build.0 = Debug|Any CPU
		{67BDF627-A148-4058-936C-859BFED5EF76}.Release|Any CPU.ActiveCfg = Release|Any CPU
		{67BDF627-A148-4058-936C-859BFED5EF76}.Release|Any CPU.Build.0 = Release|Any CPU
		{2D056120-3B32-4188-99FA-6603FD7A7C8A}.Debug|Any CPU.ActiveCfg = Debug|Any CPU
		{2D056120-3B32-4188-99FA-6603FD7A7C8A}.Debug|Any CPU.Build.0 = Debug|Any CPU
		{2D056120-3B32-4188-99FA-6603FD7A7C8A}.Release|Any CPU.ActiveCfg = Release|Any CPU
		{2D056120-3B32-4188-99FA-6603FD7A7C8A}.Release|Any CPU.Build.0 = Release|Any CPU
		{E00F5EBE-AB6C-4BE4-A977-A4988CA04A57}.Debug|Any CPU.ActiveCfg = Debug|Any CPU
		{E00F5EBE-AB6C-4BE4-A977-A4988CA04A57}.Debug|Any CPU.Build.0 = Debug|Any CPU
		{E00F5EBE-AB6C-4BE4-A977-A4988CA04A57}.Release|Any CPU.ActiveCfg = Release|Any CPU
		{E00F5EBE-AB6C-4BE4-A977-A4988CA04A57}.Release|Any CPU.Build.0 = Release|Any CPU
		{28C9B95E-DD9B-458B-86EC-37B265D66181}.Debug|Any CPU.ActiveCfg = Debug|Any CPU
		{28C9B95E-DD9B-458B-86EC-37B265D66181}.Debug|Any CPU.Build.0 = Debug|Any CPU
		{28C9B95E-DD9B-458B-86EC-37B265D66181}.Release|Any CPU.ActiveCfg = Release|Any CPU
		{28C9B95E-DD9B-458B-86EC-37B265D66181}.Release|Any CPU.Build.0 = Release|Any CPU
		{0DF031C8-95B2-48D1-ACD9-01E56B10F3D6}.Debug|Any CPU.ActiveCfg = Debug|Any CPU
		{0DF031C8-95B2-48D1-ACD9-01E56B10F3D6}.Debug|Any CPU.Build.0 = Debug|Any CPU
		{0DF031C8-95B2-48D1-ACD9-01E56B10F3D6}.Release|Any CPU.ActiveCfg = Release|Any CPU
		{0DF031C8-95B2-48D1-ACD9-01E56B10F3D6}.Release|Any CPU.Build.0 = Release|Any CPU
	EndGlobalSection
	GlobalSection(SolutionProperties) = preSolution
		HideSolutionNode = FALSE
	EndGlobalSection
	GlobalSection(NestedProjects) = preSolution
		{EC20D522-9E81-480D-819A-E2D78041B8EA} = {F9D2666E-86C4-4620-B1F8-9AC018E4C8F4}
		{BD20A902-2EEC-408A-8BEC-53AB4EC49803} = {F9D2666E-86C4-4620-B1F8-9AC018E4C8F4}
		{3BA1D66F-E7EE-482C-B8BD-CD798D8C8E3A} = {A9F97C9B-230F-4F75-9D44-DBEA3DD59032}
		{6DF342E6-2391-483E-9825-5B8E22CEEB7A} = {A9F97C9B-230F-4F75-9D44-DBEA3DD59032}
		{8632FE5E-B628-439B-82B7-3DCD72D2100A} = {F9D2666E-86C4-4620-B1F8-9AC018E4C8F4}
		{788B4BD8-FF2E-41EA-B009-5D57D2E11CC9} = {F9D2666E-86C4-4620-B1F8-9AC018E4C8F4}
		{CB2D4012-5631-4C5D-9958-F1996D31ED09} = {F9D2666E-86C4-4620-B1F8-9AC018E4C8F4}
		{A3E1AFA9-5DCB-4929-B5C6-3D40CFAF56A6} = {A9F97C9B-230F-4F75-9D44-DBEA3DD59032}
		{870BA33B-0C69-488E-A8C0-64E26E8C68EA} = {A9F97C9B-230F-4F75-9D44-DBEA3DD59032}
		{BBD6D023-F844-473A-93B8-8F93E7AD375C} = {A9F97C9B-230F-4F75-9D44-DBEA3DD59032}
		{23FF5EAE-E9D1-4CAA-B341-B460F9F7D24D} = {FC70E8FE-76E9-4D23-8D85-F219DD8BAC37}
		{5F277AB0-B30C-457D-9B64-D9FEC49EFDFA} = {A9F97C9B-230F-4F75-9D44-DBEA3DD59032}
		{600A2158-25FC-4432-A6EB-0D2A516946C2} = {F570326D-0833-47E2-B7AB-0813AD74BF8A}
		{EEDCC916-B960-44E9-972B-EC617E21ACC6} = {F570326D-0833-47E2-B7AB-0813AD74BF8A}
		{E77C689D-D3B1-495C-9F58-17B9B464D2F4} = {5F277AB0-B30C-457D-9B64-D9FEC49EFDFA}
		{CA08B556-6562-42AB-9568-B27BE3A43D7C} = {53256F5C-24FD-48B1-9419-14FBC4C45348}
		{67BDF627-A148-4058-936C-859BFED5EF76} = {F9D2666E-86C4-4620-B1F8-9AC018E4C8F4}
		{3138C719-1208-42FE-8D35-B79DA1529219} = {EF2E402F-3D9C-4EAD-93A2-68D759A003A7}
		{2D056120-3B32-4188-99FA-6603FD7A7C8A} = {3138C719-1208-42FE-8D35-B79DA1529219}
		{E00F5EBE-AB6C-4BE4-A977-A4988CA04A57} = {FC70E8FE-76E9-4D23-8D85-F219DD8BAC37}
		{1C0384E0-C8AD-46D9-9319-C75D67E6474E} = {EF2E402F-3D9C-4EAD-93A2-68D759A003A7}
		{28C9B95E-DD9B-458B-86EC-37B265D66181} = {1C0384E0-C8AD-46D9-9319-C75D67E6474E}
		{0DF031C8-95B2-48D1-ACD9-01E56B10F3D6} = {FC70E8FE-76E9-4D23-8D85-F219DD8BAC37}
	EndGlobalSection
	GlobalSection(ExtensibilityGlobals) = postSolution
		SolutionGuid = {E2592F73-781B-49DC-8020-540473F814F7}
	EndGlobalSection
EndGlobal
